<?xml version="1.0" encoding="utf-8"?>
<Project ToolsVersion="4.0" xmlns="http://schemas.microsoft.com/developer/msbuild/2003">
  <ItemGroup>
    <Filter Include="Source Files">
      <UniqueIdentifier>{4FC737F1-C7A5-4376-A066-2A32D752A2FF}</UniqueIdentifier>
      <Extensions>cpp;c;cc;cxx;def;odl;idl;hpj;bat;asm;asmx</Extensions>
    </Filter>
    <Filter Include="Header Files">
      <UniqueIdentifier>{93995380-89BD-4b04-88EB-625FBE52EBFB}</UniqueIdentifier>
      <Extensions>h;hh;hpp;hxx;hm;inl;inc;xsd</Extensions>
    </Filter>
    <Filter Include="Resource Files">
      <UniqueIdentifier>{67DA6AB6-F800-4c08-8B7A-83BB121AAD01}</UniqueIdentifier>
      <Extensions>rc;ico;cur;bmp;dlg;rc2;rct;bin;rgs;gif;jpg;jpeg;jpe;resx;tiff;tif;png;wav;mfcribbon-ms</Extensions>
    </Filter>
    <Filter Include="Source Files\math">
      <UniqueIdentifier>{e93347d3-9377-4a74-a927-18dd590a80fc}</UniqueIdentifier>
    </Filter>
    <Filter Include="Source Files\Graphics">
      <UniqueIdentifier>{5ac107a0-f76a-42c4-928e-3183dfc21b1c}</UniqueIdentifier>
    </Filter>
    <Filter Include="Header Files\math">
      <UniqueIdentifier>{2de8e4e5-255c-4153-a4a9-24308cef5c27}</UniqueIdentifier>
    </Filter>
    <Filter Include="Header Files\graphics">
      <UniqueIdentifier>{9dca591e-af95-496b-b368-054c70c8700c}</UniqueIdentifier>
    </Filter>
    <Filter Include="Header Files\Allocator">
      <UniqueIdentifier>{5e1a7a8d-d339-40f5-a404-b53efc4c5675}</UniqueIdentifier>
    </Filter>
    <Filter Include="Source Files\Allocator">
      <UniqueIdentifier>{594c6d48-5345-4b4e-a07e-4b087466c66f}</UniqueIdentifier>
    </Filter>
    <Filter Include="Header Files\container">
      <UniqueIdentifier>{6a2f0151-0002-492d-922d-1f2db12994e1}</UniqueIdentifier>
    </Filter>
    <Filter Include="Header Files\file">
      <UniqueIdentifier>{f5c1e29f-3f2d-4d01-bc64-fa11f00e203d}</UniqueIdentifier>
    </Filter>
    <Filter Include="Header Files\util">
      <UniqueIdentifier>{f9f3fd3b-102f-4092-a984-29de70993295}</UniqueIdentifier>
    </Filter>
    <Filter Include="Header Files\thread">
      <UniqueIdentifier>{d1ef3b71-b935-4073-b706-93fb75fff134}</UniqueIdentifier>
    </Filter>
  </ItemGroup>
  <ItemGroup>
    <ClCompile Include="..\source\CityHash.cpp">
      <Filter>Source Files</Filter>
    </ClCompile>
    <ClCompile Include="..\source\DebugPrint.cpp">
      <Filter>Source Files</Filter>
    </ClCompile>
    <ClCompile Include="..\source\File.cpp">
      <Filter>Source Files</Filter>
    </ClCompile>
    <ClCompile Include="..\source\Keyboard.cpp">
      <Filter>Source Files</Filter>
    </ClCompile>
    <ClCompile Include="..\source\RawInput.cpp">
      <Filter>Source Files</Filter>
    </ClCompile>
    <ClCompile Include="..\source\stb_image.c">
      <Filter>Source Files</Filter>
    </ClCompile>
    <ClCompile Include="..\source\stb_image_write.c">
      <Filter>Source Files</Filter>
    </ClCompile>
    <ClCompile Include="..\source\Window.cpp">
      <Filter>Source Files</Filter>
    </ClCompile>
    <ClCompile Include="..\source\math\half.cpp">
      <Filter>Source Files\math</Filter>
    </ClCompile>
    <ClCompile Include="..\source\Graphics\Camera.cpp">
      <Filter>Source Files\Graphics</Filter>
    </ClCompile>
    <ClCompile Include="..\source\Graphics\Mesh.cpp">
      <Filter>Source Files\Graphics</Filter>
    </ClCompile>
    <ClCompile Include="..\source\CpuTimer.cpp">
      <Filter>Source Files</Filter>
    </ClCompile>
    <ClCompile Include="..\source\Graphics\FontAtlas.cpp">
      <Filter>Source Files\Graphics</Filter>
    </ClCompile>
    <ClCompile Include="..\source\Graphics\Surface.cpp">
      <Filter>Source Files\Graphics</Filter>
    </ClCompile>
    <ClCompile Include="..\source\Graphics\Texture.cpp">
      <Filter>Source Files\Graphics</Filter>
    </ClCompile>
    <ClCompile Include="..\source\Graphics\Font.cpp">
      <Filter>Source Files\Graphics</Filter>
    </ClCompile>
    <ClCompile Include="..\source\print.cpp">
      <Filter>Source Files</Filter>
    </ClCompile>
    <ClCompile Include="..\source\int_to_string.cpp">
      <Filter>Source Files</Filter>
    </ClCompile>
  </ItemGroup>
  <ItemGroup>
    <None Include="..\include\vxLib\math\matrix.inl">
      <Filter>Header Files\math</Filter>
    </None>
    <None Include="..\include\vxLib\math\Vector.inl">
      <Filter>Header Files\math</Filter>
    </None>
  </ItemGroup>
  <ItemGroup>
    <ClInclude Include="..\include\vxLib\algorithm.h">
      <Filter>Header Files</Filter>
    </ClInclude>
    <ClInclude Include="..\include\vxLib\Keyboard.h">
      <Filter>Header Files</Filter>
    </ClInclude>
    <ClInclude Include="..\include\vxLib\RawInput.h">
      <Filter>Header Files</Filter>
    </ClInclude>
    <ClInclude Include="..\include\vxLib\ScopeGuard.h">
      <Filter>Header Files</Filter>
    </ClInclude>
    <ClInclude Include="..\include\vxLib\Singleton.h">
      <Filter>Header Files</Filter>
    </ClInclude>
    <ClInclude Include="..\include\vxLib\stb_image.h">
      <Filter>Header Files</Filter>
    </ClInclude>
    <ClInclude Include="..\include\vxLib\stb_image_write.h">
      <Filter>Header Files</Filter>
    </ClInclude>
    <ClInclude Include="..\include\vxLib\StringID.h">
      <Filter>Header Files</Filter>
    </ClInclude>
    <ClInclude Include="..\include\vxLib\type_traits.h">
      <Filter>Header Files</Filter>
    </ClInclude>
    <ClInclude Include="..\include\vxLib\types.h">
      <Filter>Header Files</Filter>
    </ClInclude>
    <ClInclude Include="..\include\vxLib\Variant.h">
      <Filter>Header Files</Filter>
    </ClInclude>
    <ClInclude Include="..\include\vxLib\Window.h">
      <Filter>Header Files</Filter>
    </ClInclude>
    <ClInclude Include="..\include\vxLib\Container\sorted_array.h">
      <Filter>Header Files\container</Filter>
    </ClInclude>
    <ClInclude Include="..\include\vxLib\Container\array.h">
      <Filter>Header Files\container</Filter>
    </ClInclude>
    <ClInclude Include="..\include\vxLib\Container\bitset.h">
      <Filter>Header Files\container</Filter>
    </ClInclude>
    <ClInclude Include="..\include\vxLib\Container\DoubleBuffer.h">
      <Filter>Header Files\container</Filter>
    </ClInclude>
    <ClInclude Include="..\include\vxLib\File\FileHandle.h">
      <Filter>Header Files\file</Filter>
    </ClInclude>
    <ClInclude Include="..\include\vxLib\File\FileHeader.h">
      <Filter>Header Files\file</Filter>
    </ClInclude>
    <ClInclude Include="..\include\vxLib\File\File.h">
      <Filter>Header Files\file</Filter>
    </ClInclude>
    <ClInclude Include="..\include\vxLib\Graphics\Mesh.h">
      <Filter>Header Files\graphics</Filter>
    </ClInclude>
    <ClInclude Include="..\include\vxLib\Graphics\Camera.h">
      <Filter>Header Files\graphics</Filter>
    </ClInclude>
    <ClInclude Include="..\include\vxLib\math\matrix.h">
      <Filter>Header Files\math</Filter>
    </ClInclude>
    <ClInclude Include="..\include\vxLib\math\Vector.h">
      <Filter>Header Files\math</Filter>
    </ClInclude>
    <ClInclude Include="..\include\vxLib\math\half.h">
      <Filter>Header Files\math</Filter>
    </ClInclude>
    <ClInclude Include="..\include\vxLib\math\math.h">
      <Filter>Header Files\math</Filter>
    </ClInclude>
    <ClInclude Include="..\include\vxLib\util\DebugPrint.h">
      <Filter>Header Files\util</Filter>
    </ClInclude>
    <ClInclude Include="..\include\vxLib\util\streamHelper.h">
      <Filter>Header Files\util</Filter>
    </ClInclude>
    <ClInclude Include="..\include\vxLib\util\CityHash.h">
      <Filter>Header Files\util</Filter>
    </ClInclude>
    <ClInclude Include="..\include\vxLib\string.h">
      <Filter>Header Files</Filter>
    </ClInclude>
    <ClInclude Include="..\include\vxLib\Container\slist.h">
      <Filter>Header Files\container</Filter>
    </ClInclude>
    <ClInclude Include="..\include\vxLib\Allocator\BitmapBlock.h">
      <Filter>Header Files\Allocator</Filter>
    </ClInclude>
    <ClInclude Include="..\include\vxLib\Allocator\ChunkAllocator.h">
      <Filter>Header Files\Allocator</Filter>
    </ClInclude>
    <ClInclude Include="..\include\vxLib\Allocator\Freelist.h">
      <Filter>Header Files\Allocator</Filter>
    </ClInclude>
    <ClInclude Include="..\include\vxLib\Allocator\LinearAllocator.h">
      <Filter>Header Files\Allocator</Filter>
    </ClInclude>
    <ClInclude Include="..\include\vxLib\Allocator\Allocator.h">
      <Filter>Header Files\Allocator</Filter>
    </ClInclude>
    <ClInclude Include="..\include\vxLib\CpuTimer.h">
      <Filter>Header Files</Filter>
    </ClInclude>
    <ClInclude Include="..\include\vxLib\Allocator\Mallocator.h">
      <Filter>Header Files\Allocator</Filter>
    </ClInclude>
    <ClInclude Include="..\include\vxLib\Allocator\StackAllocator.h">
      <Filter>Header Files\Allocator</Filter>
    </ClInclude>
    <ClInclude Include="..\include\vxLib\thread\thread.h">
      <Filter>Header Files\thread</Filter>
    </ClInclude>
    <ClInclude Include="..\include\vxLib\thread\spinlock.h">
      <Filter>Header Files\thread</Filter>
    </ClInclude>
    <ClInclude Include="..\include\vxLib\Graphics\FontAtlas.h">
      <Filter>Header Files\graphics</Filter>
    </ClInclude>
    <ClInclude Include="..\include\vxLib\Graphics\Surface.h">
      <Filter>Header Files\graphics</Filter>
    </ClInclude>
    <ClInclude Include="..\include\vxLib\Graphics\Texture.h">
      <Filter>Header Files\graphics</Filter>
    </ClInclude>
    <ClInclude Include="..\include\vxLib\Graphics\Font.h">
      <Filter>Header Files\graphics</Filter>
    </ClInclude>
    <ClInclude Include="..\include\vxLib\Graphics\dds.h">
      <Filter>Header Files\graphics</Filter>
    </ClInclude>
    <ClInclude Include="..\include\vxLib\Allocator\MultiBlockAllocator.h">
      <Filter>Header Files\Allocator</Filter>
    </ClInclude>
    <ClInclude Include="..\include\vxLib\Allocator\DelegateAllocator.h">
      <Filter>Header Files\Allocator</Filter>
    </ClInclude>
    <ClInclude Include="..\include\vxLib\print.h">
      <Filter>Header Files</Filter>
    </ClInclude>
  </ItemGroup>
</Project>