<?xml version="1.0" encoding="utf-8"?>
<Project ToolsVersion="4.0" xmlns="http://schemas.microsoft.com/developer/msbuild/2003">
  <ItemGroup>
    <Filter Include="Source Files">
      <UniqueIdentifier>{4FC737F1-C7A5-4376-A066-2A32D752A2FF}</UniqueIdentifier>
      <Extensions>cpp;c;cc;cxx;def;odl;idl;hpj;bat;asm;asmx</Extensions>
    </Filter>
    <Filter Include="Header Files">
      <UniqueIdentifier>{93995380-89BD-4b04-88EB-625FBE52EBFB}</UniqueIdentifier>
      <Extensions>h;hh;hpp;hxx;hm;inl;inc;xsd</Extensions>
    </Filter>
    <Filter Include="Resource Files">
      <UniqueIdentifier>{67DA6AB6-F800-4c08-8B7A-83BB121AAD01}</UniqueIdentifier>
      <Extensions>rc;ico;cur;bmp;dlg;rc2;rct;bin;rgs;gif;jpg;jpeg;jpe;resx;tiff;tif;png;wav;mfcribbon-ms</Extensions>
    </Filter>
    <Filter Include="Header Files\Allocator">
      <UniqueIdentifier>{e0f5857a-2f12-4c37-a2ca-dac97419d711}</UniqueIdentifier>
    </Filter>
    <Filter Include="Header Files\Container">
      <UniqueIdentifier>{21a4b9d3-2a59-4d83-a3d0-e0017e9be638}</UniqueIdentifier>
    </Filter>
    <Filter Include="Header Files\gl">
      <UniqueIdentifier>{1aa5d23a-a86f-4699-8338-b07de89858f5}</UniqueIdentifier>
    </Filter>
    <Filter Include="Header Files\math">
      <UniqueIdentifier>{52b0add4-feb4-41cb-86d0-efdf2286addc}</UniqueIdentifier>
    </Filter>
    <Filter Include="Header Files\util">
      <UniqueIdentifier>{e1c027c4-a86e-4789-b860-36b70fb1f59e}</UniqueIdentifier>
    </Filter>
    <Filter Include="Source Files\gl">
      <UniqueIdentifier>{d6059cf4-9c07-4ce6-a60f-a10eed6f930c}</UniqueIdentifier>
    </Filter>
    <Filter Include="Header Files\Graphics">
      <UniqueIdentifier>{1d11ef40-06d1-4a4d-aa09-e22d67b90d68}</UniqueIdentifier>
    </Filter>
    <Filter Include="Source Files\Graphics">
      <UniqueIdentifier>{eb912591-5e61-44da-8472-35c61d1f7709}</UniqueIdentifier>
    </Filter>
    <Filter Include="Source Files\math">
      <UniqueIdentifier>{6748f0dd-322c-4f74-a35d-d72bbcfd695e}</UniqueIdentifier>
    </Filter>
  </ItemGroup>
  <ItemGroup>
    <ClInclude Include="..\include\vxLib\ScopeGuard.h">
      <Filter>Header Files</Filter>
    </ClInclude>
    <ClInclude Include="..\include\vxLib\Singleton.h">
      <Filter>Header Files</Filter>
    </ClInclude>
    <ClInclude Include="..\include\vxLib\stb_image.h">
      <Filter>Header Files</Filter>
    </ClInclude>
    <ClInclude Include="..\include\vxLib\stb_image_write.h">
      <Filter>Header Files</Filter>
    </ClInclude>
    <ClInclude Include="..\include\vxLib\StringID.h">
      <Filter>Header Files</Filter>
    </ClInclude>
    <ClInclude Include="..\include\vxLib\types.h">
      <Filter>Header Files</Filter>
    </ClInclude>
    <ClInclude Include="..\include\vxLib\type_traits.h">
      <Filter>Header Files</Filter>
    </ClInclude>
    <ClInclude Include="..\include\vxLib\math\math.h">
      <Filter>Header Files\math</Filter>
    </ClInclude>
    <ClInclude Include="..\include\vxLib\math\matrix.h">
      <Filter>Header Files\math</Filter>
    </ClInclude>
    <ClInclude Include="..\include\vxLib\Container\vector.h">
      <Filter>Header Files\Container</Filter>
    </ClInclude>
    <ClInclude Include="..\include\vxLib\math\Vector.h">
      <Filter>Header Files\math</Filter>
    </ClInclude>
    <ClInclude Include="..\include\vxLib\Allocator\Allocator.h">
      <Filter>Header Files\Allocator</Filter>
    </ClInclude>
    <ClInclude Include="..\include\vxLib\util\CityHash.h">
      <Filter>Header Files\util</Filter>
    </ClInclude>
    <ClInclude Include="..\include\vxLib\util\DebugPrint.h">
      <Filter>Header Files\util</Filter>
    </ClInclude>
    <ClInclude Include="..\include\vxLib\Container\sorted_vector.h">
      <Filter>Header Files\Container</Filter>
    </ClInclude>
    <ClInclude Include="..\include\vxLib\Container\bitset.h">
      <Filter>Header Files\Container</Filter>
    </ClInclude>
    <ClInclude Include="..\include\vxLib\Window.h">
      <Filter>Header Files</Filter>
    </ClInclude>
    <ClInclude Include="..\include\vxLib\gl\ProgramPipeline.h">
      <Filter>Header Files\gl</Filter>
    </ClInclude>
    <ClInclude Include="..\include\vxLib\gl\RenderContext.h">
      <Filter>Header Files\gl</Filter>
    </ClInclude>
    <ClInclude Include="..\include\vxLib\gl\ShaderProgram.h">
      <Filter>Header Files\gl</Filter>
    </ClInclude>
    <ClInclude Include="..\include\vxLib\gl\StateManager.h">
      <Filter>Header Files\gl</Filter>
    </ClInclude>
    <ClInclude Include="..\include\vxLib\gl\Texture.h">
      <Filter>Header Files\gl</Filter>
    </ClInclude>
    <ClInclude Include="..\include\vxLib\gl\wgl_core.h">
      <Filter>Header Files\gl</Filter>
    </ClInclude>
    <ClInclude Include="..\include\vxLib\gl\Base.h">
      <Filter>Header Files\gl</Filter>
    </ClInclude>
    <ClInclude Include="..\include\vxLib\gl\BufferBindingManager.h">
      <Filter>Header Files\gl</Filter>
    </ClInclude>
    <ClInclude Include="..\include\vxLib\gl\Debug.h">
      <Filter>Header Files\gl</Filter>
    </ClInclude>
    <ClInclude Include="..\include\vxLib\RawInput.h">
      <Filter>Header Files</Filter>
    </ClInclude>
    <ClInclude Include="..\include\vxLib\Container\iterator.h">
      <Filter>Header Files\Container</Filter>
    </ClInclude>
    <ClInclude Include="..\include\vxLib\Graphics\Camera.h">
      <Filter>Header Files\Graphics</Filter>
    </ClInclude>
    <ClInclude Include="..\include\vxLib\Graphics\Mesh.h">
      <Filter>Header Files\Graphics</Filter>
    </ClInclude>
    <ClInclude Include="..\include\vxLib\util\streamHelper.h">
      <Filter>Header Files\util</Filter>
    </ClInclude>
    <ClInclude Include="..\include\vxLib\AlignedStorage.h">
      <Filter>Header Files</Filter>
    </ClInclude>
    <ClInclude Include="..\include\vxLib\gl\Framebuffer.h">
      <Filter>Header Files\gl</Filter>
    </ClInclude>
    <ClInclude Include="..\include\vxLib\Container\array.h">
      <Filter>Header Files\Container</Filter>
    </ClInclude>
    <ClInclude Include="..\include\vxLib\gl\SharedObject.h">
      <Filter>Header Files\gl</Filter>
    </ClInclude>
    <ClInclude Include="..\include\vxLib\gl\Buffer.h">
      <Filter>Header Files\gl</Filter>
    </ClInclude>
    <ClInclude Include="..\include\vxLib\gl\flextGL_45.h">
      <Filter>Header Files\gl</Filter>
    </ClInclude>
    <ClInclude Include="..\include\vxLib\gl\gl.h">
      <Filter>Header Files\gl</Filter>
    </ClInclude>
    <ClInclude Include="..\include\vxLib\gl\VertexArray.h">
      <Filter>Header Files\gl</Filter>
    </ClInclude>
    <ClInclude Include="..\include\vxLib\Container\sorted_array.h">
      <Filter>Header Files\Container</Filter>
    </ClInclude>
    <ClInclude Include="..\include\vxLib\Allocator\StackAllocator.h">
      <Filter>Header Files\Allocator</Filter>
    </ClInclude>
    <ClInclude Include="..\include\vxLib\Allocator\PoolAllocator.h">
      <Filter>Header Files\Allocator</Filter>
    </ClInclude>
  </ItemGroup>
  <ItemGroup>
    <ClCompile Include="CityHash.cpp">
      <Filter>Source Files</Filter>
    </ClCompile>
    <ClCompile Include="DebugPrint.cpp">
      <Filter>Source Files</Filter>
    </ClCompile>
    <ClCompile Include="Window.cpp">
      <Filter>Source Files</Filter>
    </ClCompile>
    <ClCompile Include="stb_image.c">
      <Filter>Source Files</Filter>
    </ClCompile>
    <ClCompile Include="stb_image_write.c">
      <Filter>Source Files</Filter>
    </ClCompile>
    <ClCompile Include="RawInput.cpp">
      <Filter>Source Files</Filter>
    </ClCompile>
    <ClCompile Include="Graphics\Camera.cpp">
      <Filter>Source Files\Graphics</Filter>
    </ClCompile>
    <ClCompile Include="Graphics\Mesh.cpp">
      <Filter>Source Files\Graphics</Filter>
    </ClCompile>
    <ClCompile Include="gl\Base.cpp">
      <Filter>Source Files\gl</Filter>
    </ClCompile>
    <ClCompile Include="gl\BufferBindingManager.cpp">
      <Filter>Source Files\gl</Filter>
    </ClCompile>
    <ClCompile Include="gl\Debug.cpp">
      <Filter>Source Files\gl</Filter>
    </ClCompile>
    <ClCompile Include="gl\Framebuffer.cpp">
      <Filter>Source Files\gl</Filter>
    </ClCompile>
    <ClCompile Include="gl\gl_core.cpp">
      <Filter>Source Files\gl</Filter>
    </ClCompile>
    <ClCompile Include="gl\ProgramPipeline.cpp">
      <Filter>Source Files\gl</Filter>
    </ClCompile>
    <ClCompile Include="gl\RenderContext.cpp">
      <Filter>Source Files\gl</Filter>
    </ClCompile>
    <ClCompile Include="gl\ShaderProgram.cpp">
      <Filter>Source Files\gl</Filter>
    </ClCompile>
    <ClCompile Include="gl\StateManager.cpp">
      <Filter>Source Files\gl</Filter>
    </ClCompile>
    <ClCompile Include="gl\Texture.cpp">
      <Filter>Source Files\gl</Filter>
    </ClCompile>
    <ClCompile Include="gl\wgl_core.c">
      <Filter>Source Files\gl</Filter>
    </ClCompile>
    <ClCompile Include="gl\Buffer.cpp">
      <Filter>Source Files\gl</Filter>
    </ClCompile>
    <ClCompile Include="gl\SharedObject.cpp">
      <Filter>Source Files\gl</Filter>
    </ClCompile>
    <ClCompile Include="gl\flextGL_45.c">
      <Filter>Source Files\gl</Filter>
    </ClCompile>
    <ClCompile Include="gl\VertexArray.cpp">
      <Filter>Source Files\gl</Filter>
    </ClCompile>
  </ItemGroup>
  <ItemGroup>
    <None Include="..\include\vxLib\math\matrix.inl">
      <Filter>Header Files\math</Filter>
    </None>
    <None Include="..\include\vxLib\math\Vector.inl">
      <Filter>Header Files\math</Filter>
    </None>
    <None Include="asm_include.inc">
      <Filter>Source Files\math</Filter>
    </None>
  </ItemGroup>
  <ItemGroup>
    <MASM Include="Vector_Basic.asm">
      <Filter>Source Files\math</Filter>
    </MASM>
    <MASM Include="math.asm">
      <Filter>Source Files\math</Filter>
    </MASM>
  </ItemGroup>
</Project>